cookbook 'base-opsworks', :git_sha => '8091b77d645e305ad8551da9253e72837814ac02', :dir_hash => 'f00a71f6c2df812cf9b628c833b9515a'
cookbook 'logstash', :git_sha => '6d1025df1202da833ecf2e83b45a2056697047a7', :dir_hash => '3a2809cd4297c2f9a9de8d235f28bda3'
cookbook 'chef-solr', :git_sha => 'f93dd49800521c8a7eb8cffa0870ebdfe854b39c', :dir_hash => 'c951b1c839e4cdcd6ef1df8906706ac0'
