cookbook 'base-opsworks', :git_sha => '8091b77d645e305ad8551da9253e72837814ac02', :dir_hash => 'f00a71f6c2df812cf9b628c833b9515a'
cookbook 'logstash', :git_sha => '6d1025df1202da833ecf2e83b45a2056697047a7', :dir_hash => '3a2809cd4297c2f9a9de8d235f28bda3'
cookbook 'chef-solr', :git_sha => '42d1a4257c7148553d28a1ba04e3b56a5ab459f7', :dir_hash => 'be3655aae899af617f74b31255b5cf4c'
