{
  "sources": {
    "redis": {
      "path": "."
    },
    "build-essential": {
      "locked_version": "1.4.0"
    },
    "runit": {
      "locked_version": "1.1.6"
    },
    "yum": {
      "locked_version": "2.3.0"
    },
    "apt": {
      "locked_version": "2.0.0"
    },
    "stunnel": {
      "locked_version": "2.0.4"
    },
    "discovery": {
      "locked_version": "0.2.0"
    }
  }
}
